
Microsoft Visual Studio Solution File, Format Version 12.00
Project("{FAE04EC0-301F-11D3-BF4B-00C04F79EFBC}") = "UpgradeAssistant.Extension.CleanUp", "UpgradeAssistant.Extension.CleanUp\UpgradeAssistant.Extension.CleanUp.csproj", "{EF13F2C3-D52C-4207-8B54-242C7C19D51A}"
EndProject
Global
	GlobalSection(SolutionConfigurationPlatforms) = preSolution
		Debug|Any CPU = Debug|Any CPU
		Release|Any CPU = Release|Any CPU
	EndGlobalSection
	GlobalSection(ProjectConfigurationPlatforms) = postSolution
		{EF13F2C3-D52C-4207-8B54-242C7C19D51A}.Debug|Any CPU.ActiveCfg = Debug|Any CPU
		{EF13F2C3-D52C-4207-8B54-242C7C19D51A}.Debug|Any CPU.Build.0 = Debug|Any CPU
		{EF13F2C3-D52C-4207-8B54-242C7C19D51A}.Release|Any CPU.ActiveCfg = Release|Any CPU
		{EF13F2C3-D52C-4207-8B54-242C7C19D51A}.Release|Any CPU.Build.0 = Release|Any CPU
	EndGlobalSection
EndGlobal
